
Microsoft Visual Studio Solution File, Format Version 12.00
# Visual Studio Version 17
VisualStudioVersion = 17.13.35806.99 d17.13
MinimumVisualStudioVersion = 10.0.40219.1
Project("{FAE04EC0-301F-11D3-BF4B-00C04F79EFBC}") = "AI Resume Generator", "AI Resume Generator\AI Resume Generator.csproj", "{9CDC75C1-BF77-49CA-9BB6-3FDC894DC6FE}"
EndProject
Global
	GlobalSection(SolutionConfigurationPlatforms) = preSolution
		Debug|Any CPU = Debug|Any CPU
		Release|Any CPU = Release|Any CPU
	EndGlobalSection
	GlobalSection(ProjectConfigurationPlatforms) = postSolution
		{9CDC75C1-BF77-49CA-9BB6-3FDC894DC6FE}.Debug|Any CPU.ActiveCfg = Debug|Any CPU
		{9CDC75C1-BF77-49CA-9BB6-3FDC894DC6FE}.Debug|Any CPU.Build.0 = Debug|Any CPU
		{9CDC75C1-BF77-49CA-9BB6-3FDC894DC6FE}.Release|Any CPU.ActiveCfg = Release|Any CPU
		{9CDC75C1-BF77-49CA-9BB6-3FDC894DC6FE}.Release|Any CPU.Build.0 = Release|Any CPU
	EndGlobalSection
	GlobalSection(SolutionProperties) = preSolution
		HideSolutionNode = FALSE
	EndGlobalSection
	GlobalSection(ExtensibilityGlobals) = postSolution
		SolutionGuid = {54DFC1E6-714C-44A2-837F-AD6E34FB185F}
	EndGlobalSection
EndGlobal
